
Microsoft Visual Studio Solution File, Format Version 12.00
# Visual Studio 2012
Project("{FAE04EC0-301F-11D3-BF4B-00C04F79EFBC}") = "DestrospeanCASPEditor", "DestrospeanCASPEditor\DestrospeanCASPEditor.csproj", "{6D08DD91-7AE1-4A4C-B81D-DC9DEE93CF24}"
EndProject
Global
	GlobalSection(SolutionConfigurationPlatforms) = preSolution
		Debug|x86 = Debug|x86
		Release|x86 = Release|x86
	EndGlobalSection
	GlobalSection(ProjectConfigurationPlatforms) = postSolution
		{6D08DD91-7AE1-4A4C-B81D-DC9DEE93CF24}.Debug|x86.ActiveCfg = Debug|x86
		{6D08DD91-7AE1-4A4C-B81D-DC9DEE93CF24}.Debug|x86.Build.0 = Debug|x86
		{6D08DD91-7AE1-4A4C-B81D-DC9DEE93CF24}.Release|x86.ActiveCfg = Release|x86
		{6D08DD91-7AE1-4A4C-B81D-DC9DEE93CF24}.Release|x86.Build.0 = Release|x86
	EndGlobalSection
EndGlobal
